
Microsoft Visual Studio Solution File, Format Version 12.00
# Visual Studio Version 16
VisualStudioVersion = 16.0.30804.86
MinimumVisualStudioVersion = 10.0.40219.1
Project("{FAE04EC0-301F-11D3-BF4B-00C04F79EFBC}") = "HospitalManagement1", "HospitalManagement1\HospitalManagement1.csproj", "{D00DE586-3B92-47E3-8670-27A58E8FE7CD}"
EndProject
Global
	GlobalSection(SolutionConfigurationPlatforms) = preSolution
		Debug|Any CPU = Debug|Any CPU
		Release|Any CPU = Release|Any CPU
	EndGlobalSection
	GlobalSection(ProjectConfigurationPlatforms) = postSolution
		{D00DE586-3B92-47E3-8670-27A58E8FE7CD}.Debug|Any CPU.ActiveCfg = Debug|Any CPU
		{D00DE586-3B92-47E3-8670-27A58E8FE7CD}.Debug|Any CPU.Build.0 = Debug|Any CPU
		{D00DE586-3B92-47E3-8670-27A58E8FE7CD}.Release|Any CPU.ActiveCfg = Release|Any CPU
		{D00DE586-3B92-47E3-8670-27A58E8FE7CD}.Release|Any CPU.Build.0 = Release|Any CPU
	EndGlobalSection
	GlobalSection(SolutionProperties) = preSolution
		HideSolutionNode = FALSE
	EndGlobalSection
	GlobalSection(ExtensibilityGlobals) = postSolution
		SolutionGuid = {1DCB9810-9126-4B0F-88C9-70A77B7D4A7E}
	EndGlobalSection
EndGlobal
